PODS:
  - CocoaLumberjack (2.2.0):
    - CocoaLumberjack/Default (= 2.2.0)
    - CocoaLumberjack/Extensions (= 2.2.0)
  - CocoaLumberjack/Core (2.2.0)
  - CocoaLumberjack/Default (2.2.0):
    - CocoaLumberjack/Core
  - CocoaLumberjack/Extensions (2.2.0):
    - CocoaLumberjack/Default
  - DZNEmptyDataSet (1.7.3)
  - FMDB (2.6.2):
    - FMDB/standard (= 2.6.2)
  - FMDB/standard (2.6.2)
  - FSCalendar (2.0.1)
  - INTULocationManager (4.2.0)
  - Masonry (0.6.4)
  - MJExtension (3.0.10)
  - PNChart (0.8.8):
    - UICountingLabel (~> 1.2.0)
  - RESideMenu (4.0.7)
  - TPKeyboardAvoiding (1.2.11)
  - UICountingLabel (1.2.0)

DEPENDENCIES:
  - CocoaLumberjack
  - DZNEmptyDataSet
  - FMDB
  - FSCalendar
  - INTULocationManager
  - Masonry
  - MJExtension
  - PNChart
  - RESideMenu
  - TPKeyboardAvoiding

SPEC CHECKSUMS:
  CocoaLumberjack: 17fe8581f84914d5d7e6360f7c70022b173c3ae0
  DZNEmptyDataSet: dd7cca17c1d07dfa78956859b1e70a52505678ef
  FMDB: 854a0341b4726e53276f2a8996f06f1b80f9259a
  FSCalendar: 18117308f5876a8f6f0fe572085d543580c2c5e5
  INTULocationManager: 73f8254b3d05c897c56bb13c190e5b7c648c0998
  Masonry: 281802d04d787ea2973179ee8bcb50500579ede2
  MJExtension: d86aacb740c87519d20e3cca55b6fa4be6cc7548
  PNChart: 25f91e9c4688af49c3647489760624d037f5383f
  RESideMenu: f24c508404b49c667344c54aba7e590883533958
  TPKeyboardAvoiding: e5ce146b313de063957bfa75a13f1e9b0ff18ab7
  UICountingLabel: 1db4e7d023e1762171eb226d6dff47a7a84f27aa

PODFILE CHECKSUM: 0363f1f92df0282d560305b78ffb09e23029c49d

COCOAPODS: 1.0.0.beta.4
